lockfileVersion: '9.0'

settings:
  autoInstallPeers: true
  excludeLinksFromLockfile: false

importers:

  .:
    dependencies:
      '@aws-sdk/client-secrets-manager':
        specifier: ^3.906.0
        version: 3.906.0
      drizzle-orm:
        specifier: ^0.39.3
        version: 0.39.3(postgres@3.4.7)
      fastify:
        specifier: ^5.6.1
        version: 5.6.1
      postgres:
        specifier: ^3.4.5
        version: 3.4.7
      zod:
        specifier: ^3.24.4
        version: 3.25.76
    devDependencies:
      '@types/node':
        specifier: ^20.17.47
        version: 20.19.19
      pino:
        specifier: ^9.6.0
        version: 9.6.0
      prettier:
        specifier: ^3.5.3
        version: 3.6.2
      typescript:
        specifier: ^5.8.3
        version: 5.9.3

packages:

  '@aws-crypto/sha256-browser@5.2.0':
    resolution: {integrity: sha512-AXfN/lGotSQwu6HNcEsIASo7kWXZ5HYWvfOmSNKDsEqC4OashTp8alTmaz+F7TC2L083SFv5RdB+qU3Vs1kZqw==}

  '@aws-crypto/sha256-js@5.2.0':
    resolution: {integrity: sha512-FFQQyu7edu4ufvIZ+OadFpHHOt+eSTBaYaki44c+akjg7qZg9oOQeLlk77F6tSYqjDAFClrHJk9tMf0HdVyOvA==}
    engines: {node: '>=16.0.0'}

  '@aws-crypto/supports-web-crypto@5.2.0':
    resolution: {integrity: sha512-iAvUotm021kM33eCdNfwIN//F77/IADDSs58i+MDaOqFrVjZo9bAal0NK7HurRuWLLpF1iLX7gbWrjHjeo+YFg==}

  '@aws-crypto/util@5.2.0':
    resolution: {integrity: sha512-4RkU9EsI6ZpBve5fseQlGNUWKMa1RLPQ1dnjnQoe07ldfIzcsGb5hC5W0Dm7u423KWzawlrpbjXBrXCEv9zazQ==}

  '@aws-sdk/client-secrets-manager@3.906.0':
    resolution: {integrity: sha512-3hR/SL59swiCI47iOutJlnybBE14oyg4BWTjRHrEWUUi5EXkL1EO3DiIdjhV8GQmgdZ7bCeZROeSy7Fbdf01nw==}
    engines: {node: '>=18.0.0'}

  '@aws-sdk/client-sso@3.906.0':
    resolution: {integrity: sha512-GGDwjW2cLzoEF5A1tBlZQZXzhlZzuM6cKNbSxUsCcBXtPAX03eb2GKApVy1SzpD03nTJk5T6GicGAm+BzK+lEg==}
    engines: {node: '>=18.0.0'}

  '@aws-sdk/core@3.906.0':
    resolution: {integrity: sha512-+FuwAcozee8joVfjwly/8kSFNCvQOkcQYjINUckqBkdjO4iCRfOgSaz+0JMpMcYgVPnnyZv62gJ2g0bj0U+YDQ==}
    engines: {node: '>=18.0.0'}

  '@aws-sdk/credential-provider-env@3.906.0':
    resolution: {integrity: sha512-vtMDguMci2aXhkgEqg1iqyQ7vVcafpx9uypksM6FQsNr3Cc/8I6HgfBAja6BuPwkaCn9NoMnG0/iuuOWr8P9dg==}
    engines: {node: '>=18.0.0'}

  '@aws-sdk/credential-provider-http@3.906.0':
    resolution: {integrity: sha512-L97N2SUkZp03s1LJZ1sCkUaUZ7m9T72faaadn05wyst/iXonSZKPHYMQVWGYhTC2OtRV0FQvBXIAqFZsNGQD0Q==}
    engines: {node: '>=18.0.0'}

  '@aws-sdk/credential-provider-ini@3.906.0':
    resolution: {integrity: sha512-r7TbHD80WXo42kTEC5bqa4b87ho3T3yd2VEKo1qbEmOUovocntO8HC3JxHYr0XSeZ82DEYxLARb84akWjabPzg==}
    engines: {node: '>=18.0.0'}

  '@aws-sdk/credential-provider-node@3.906.0':
    resolution: {integrity: sha512-xga127vP0rFxiHjEUjLe6Yf4hQ/AZinOF4AqQr/asWQO+/uwh3aH8nXcS4lkpZNygxMHbuNXm7Xg504GKCMlLQ==}
    engines: {node: '>=18.0.0'}

  '@aws-sdk/credential-provider-process@3.906.0':
    resolution: {integrity: sha512-P8R4GpDLppe+8mp+SOj1fKaY3AwDULCi/fqMSJjvf8qN6OM+vGGpFP3iXvkjFYyyV+8nRXY+HQCLRoZKpRtzMg==}
    engines: {node: '>=18.0.0'}

  '@aws-sdk/credential-provider-sso@3.906.0':
    resolution: {integrity: sha512-wYljHU7yNEzt7ngZZ21FWh+RlO16gTpWvXyRqlryuCgIWugHD8bl7JphGnUN1md5/v+mCRuGK58JoFGZq+qrjA==}
    engines: {node: '>=18.0.0'}

  '@aws-sdk/credential-provider-web-identity@3.906.0':
    resolution: {integrity: sha512-V9PurepVko8+iyEvI9WAlk5dXJ1uWIW03RPLnNBEmeCqFjjit16HrNaaVvnp9fQbG7CSKSGqK026SjDgtKGKYA==}
    engines: {node: '>=18.0.0'}

  '@aws-sdk/middleware-host-header@3.901.0':
    resolution: {integrity: sha512-yWX7GvRmqBtbNnUW7qbre3GvZmyYwU0WHefpZzDTYDoNgatuYq6LgUIQ+z5C04/kCRoFkAFrHag8a3BXqFzq5A==}
    engines: {node: '>=18.0.0'}

  '@aws-sdk/middleware-logger@3.901.0':
    resolution: {integrity: sha512-UoHebjE7el/tfRo8/CQTj91oNUm+5Heus5/a4ECdmWaSCHCS/hXTsU3PTTHAY67oAQR8wBLFPfp3mMvXjB+L2A==}
    engines: {node: '>=18.0.0'}

  '@aws-sdk/middleware-recursion-detection@3.901.0':
    resolution: {integrity: sha512-Wd2t8qa/4OL0v/oDpCHHYkgsXJr8/ttCxrvCKAt0H1zZe2LlRhY9gpDVKqdertfHrHDj786fOvEQA28G1L75Dg==}
    engines: {node: '>=18.0.0'}

  '@aws-sdk/middleware-user-agent@3.906.0':
    resolution: {integrity: sha512-CMAjq2oCEv5EEvmlFvio8t4KQL2jGORyDQu7oLj4l0a2biPgxbwL3utalbm9yKty1rQM5zKpaa7id7ZG3X1f6A==}
    engines: {node: '>=18.0.0'}

  '@aws-sdk/nested-clients@3.906.0':
    resolution: {integrity: sha512-0/r0bh/9Bm14lVe+jAzQQB2ufq9S4Vd9Wg5rZn8RhrhKl6y/DC1aRzOo2kJTNu5pCbVfQsd/VXLLnkcbOrDy6A==}
    engines: {node: '>=18.0.0'}

  '@aws-sdk/region-config-resolver@3.901.0':
    resolution: {integrity: sha512-7F0N888qVLHo4CSQOsnkZ4QAp8uHLKJ4v3u09Ly5k4AEStrSlFpckTPyUx6elwGL+fxGjNE2aakK8vEgzzCV0A==}
    engines: {node: '>=18.0.0'}

  '@aws-sdk/token-providers@3.906.0':
    resolution: {integrity: sha512-gdxXleCjMUAKnyR/1ksdnv3Fuifr9iuaeEtINRHkwVluwcORabEdOlxW36th2QdkpTTyP1hW35VATz2R6v/i2Q==}
    engines: {node: '>=18.0.0'}

  '@aws-sdk/types@3.901.0':
    resolution: {integrity: sha512-FfEM25hLEs4LoXsLXQ/q6X6L4JmKkKkbVFpKD4mwfVHtRVQG6QxJiCPcrkcPISquiy6esbwK2eh64TWbiD60cg==}
    engines: {node: '>=18.0.0'}

  '@aws-sdk/util-endpoints@3.901.0':
    resolution: {integrity: sha512-5nZP3hGA8FHEtKvEQf4Aww5QZOkjLW1Z+NixSd+0XKfHvA39Ah5sZboScjLx0C9kti/K3OGW1RCx5K9Zc3bZqg==}
    engines: {node: '>=18.0.0'}

  '@aws-sdk/util-locate-window@3.893.0':
    resolution: {integrity: sha512-T89pFfgat6c8nMmpI8eKjBcDcgJq36+m9oiXbcUzeU55MP9ZuGgBomGjGnHaEyF36jenW9gmg3NfZDm0AO2XPg==}
    engines: {node: '>=18.0.0'}

  '@aws-sdk/util-user-agent-browser@3.901.0':
    resolution: {integrity: sha512-Ntb6V/WFI21Ed4PDgL/8NSfoZQQf9xzrwNgiwvnxgAl/KvAvRBgQtqj5gHsDX8Nj2YmJuVoHfH9BGjL9VQ4WNg==}

  '@aws-sdk/util-user-agent-node@3.906.0':
    resolution: {integrity: sha512-9Gaglw80E9UZ5FctCp5pZAzT40/vC4Oo0fcNXsfplLkpWqTU+NTdTRMYe3TMZ1/v1/JZKuGUVyHiuo/xLu3NmA==}
    engines: {node: '>=18.0.0'}
    peerDependencies:
      aws-crt: '>=1.0.0'
    peerDependenciesMeta:
      aws-crt:
        optional: true

  '@aws-sdk/xml-builder@3.901.0':
    resolution: {integrity: sha512-pxFCkuAP7Q94wMTNPAwi6hEtNrp/BdFf+HOrIEeFQsk4EoOmpKY3I6S+u6A9Wg295J80Kh74LqDWM22ux3z6Aw==}
    engines: {node: '>=18.0.0'}

  '@aws/lambda-invoke-store@0.0.1':
    resolution: {integrity: sha512-ORHRQ2tmvnBXc8t/X9Z8IcSbBA4xTLKuN873FopzklHMeqBst7YG0d+AX97inkvDX+NChYtSr+qGfcqGFaI8Zw==}
    engines: {node: '>=18.0.0'}

  '@fastify/ajv-compiler@4.0.2':
    resolution: {integrity: sha512-Rkiu/8wIjpsf46Rr+Fitd3HRP+VsxUFDDeag0hs9L0ksfnwx2g7SPQQTFL0E8Qv+rfXzQOxBJnjUB9ITUDjfWQ==}

  '@fastify/error@4.2.0':
    resolution: {integrity: sha512-RSo3sVDXfHskiBZKBPRgnQTtIqpi/7zhJOEmAxCiBcM7d0uwdGdxLlsCaLzGs8v8NnxIRlfG0N51p5yFaOentQ==}

  '@fastify/fast-json-stringify-compiler@5.0.3':
    resolution: {integrity: sha512-uik7yYHkLr6fxd8hJSZ8c+xF4WafPK+XzneQDPU+D10r5X19GW8lJcom2YijX2+qtFF1ENJlHXKFM9ouXNJYgQ==}

  '@fastify/forwarded@3.0.1':
    resolution: {integrity: sha512-JqDochHFqXs3C3Ml3gOY58zM7OqO9ENqPo0UqAjAjH8L01fRZqwX9iLeX34//kiJubF7r2ZQHtBRU36vONbLlw==}

  '@fastify/merge-json-schemas@0.2.1':
    resolution: {integrity: sha512-OA3KGBCy6KtIvLf8DINC5880o5iBlDX4SxzLQS8HorJAbqluzLRn80UXU0bxZn7UOFhFgpRJDasfwn9nG4FG4A==}

  '@fastify/proxy-addr@5.1.0':
    resolution: {integrity: sha512-INS+6gh91cLUjB+PVHfu1UqcB76Sqtpyp7bnL+FYojhjygvOPA9ctiD/JDKsyD9Xgu4hUhCSJBPig/w7duNajw==}

  '@smithy/abort-controller@4.2.0':
    resolution: {integrity: sha512-PLUYa+SUKOEZtXFURBu/CNxlsxfaFGxSBPcStL13KpVeVWIfdezWyDqkz7iDLmwnxojXD0s5KzuB5HGHvt4Aeg==}
    engines: {node: '>=18.0.0'}

  '@smithy/config-resolver@4.3.0':
    resolution: {integrity: sha512-9oH+n8AVNiLPK/iK/agOsoWfrKZ3FGP3502tkksd6SRsKMYiu7AFX0YXo6YBADdsAj7C+G/aLKdsafIJHxuCkQ==}
    engines: {node: '>=18.0.0'}

  '@smithy/core@3.15.0':
    resolution: {integrity: sha512-VJWncXgt+ExNn0U2+Y7UywuATtRYaodGQKFo9mDyh70q+fJGedfrqi2XuKU1BhiLeXgg6RZrW7VEKfeqFhHAJA==}
    engines: {node: '>=18.0.0'}

  '@smithy/credential-provider-imds@4.2.0':
    resolution: {integrity: sha512-SOhFVvFH4D5HJZytb0bLKxCrSnwcqPiNlrw+S4ZXjMnsC+o9JcUQzbZOEQcA8yv9wJFNhfsUiIUKiEnYL68Big==}
    engines: {node: '>=18.0.0'}

  '@smithy/fetch-http-handler@5.3.1':
    resolution: {integrity: sha512-3AvYYbB+Dv5EPLqnJIAgYw/9+WzeBiUYS8B+rU0pHq5NMQMvrZmevUROS4V2GAt0jEOn9viBzPLrZE+riTNd5Q==}
    engines: {node: '>=18.0.0'}

  '@smithy/hash-node@4.2.0':
    resolution: {integrity: sha512-ugv93gOhZGysTctZh9qdgng8B+xO0cj+zN0qAZ+Sgh7qTQGPOJbMdIuyP89KNfUyfAqFSNh5tMvC+h2uCpmTtA==}
    engines: {node: '>=18.0.0'}

  '@smithy/invalid-dependency@4.2.0':
    resolution: {integrity: sha512-ZmK5X5fUPAbtvRcUPtk28aqIClVhbfcmfoS4M7UQBTnDdrNxhsrxYVv0ZEl5NaPSyExsPWqL4GsPlRvtlwg+2A==}
    engines: {node: '>=18.0.0'}

  '@smithy/is-array-buffer@2.2.0':
    resolution: {integrity: sha512-GGP3O9QFD24uGeAXYUjwSTXARoqpZykHadOmA8G5vfJPK0/DC67qa//0qvqrJzL1xc8WQWX7/yc7fwudjPHPhA==}
    engines: {node: '>=14.0.0'}

  '@smithy/is-array-buffer@4.2.0':
    resolution: {integrity: sha512-DZZZBvC7sjcYh4MazJSGiWMI2L7E0oCiRHREDzIxi/M2LY79/21iXt6aPLHge82wi5LsuRF5A06Ds3+0mlh6CQ==}
    engines: {node: '>=18.0.0'}

  '@smithy/middleware-content-length@4.2.0':
    resolution: {integrity: sha512-6ZAnwrXFecrA4kIDOcz6aLBhU5ih2is2NdcZtobBDSdSHtE9a+MThB5uqyK4XXesdOCvOcbCm2IGB95birTSOQ==}
    engines: {node: '>=18.0.0'}

  '@smithy/middleware-endpoint@4.3.1':
    resolution: {integrity: sha512-JtM4SjEgImLEJVXdsbvWHYiJ9dtuKE8bqLlvkvGi96LbejDL6qnVpVxEFUximFodoQbg0Gnkyff9EKUhFhVJFw==}
    engines: {node: '>=18.0.0'}

  '@smithy/middleware-retry@4.4.1':
    resolution: {integrity: sha512-wXxS4ex8cJJteL0PPQmWYkNi9QKDWZIpsndr0wZI2EL+pSSvA/qqxXU60gBOJoIc2YgtZSWY/PE86qhKCCKP1w==}
    engines: {node: '>=18.0.0'}

  '@smithy/middleware-serde@4.2.0':
    resolution: {integrity: sha512-rpTQ7D65/EAbC6VydXlxjvbifTf4IH+sADKg6JmAvhkflJO2NvDeyU9qsWUNBelJiQFcXKejUHWRSdmpJmEmiw==}
    engines: {node: '>=18.0.0'}

  '@smithy/middleware-stack@4.2.0':
    resolution: {integrity: sha512-G5CJ//eqRd9OARrQu9MK1H8fNm2sMtqFh6j8/rPozhEL+Dokpvi1Og+aCixTuwDAGZUkJPk6hJT5jchbk/WCyg==}
    engines: {node: '>=18.0.0'}

  '@smithy/node-config-provider@4.3.0':
    resolution: {integrity: sha512-5QgHNuWdT9j9GwMPPJCKxy2KDxZ3E5l4M3/5TatSZrqYVoEiqQrDfAq8I6KWZw7RZOHtVtCzEPdYz7rHZixwcA==}
    engines: {node: '>=18.0.0'}

  '@smithy/node-http-handler@4.3.0':
    resolution: {integrity: sha512-RHZ/uWCmSNZ8cneoWEVsVwMZBKy/8123hEpm57vgGXA3Irf/Ja4v9TVshHK2ML5/IqzAZn0WhINHOP9xl+Qy6Q==}
    engines: {node: '>=18.0.0'}

  '@smithy/property-provider@4.2.0':
    resolution: {integrity: sha512-rV6wFre0BU6n/tx2Ztn5LdvEdNZ2FasQbPQmDOPfV9QQyDmsCkOAB0osQjotRCQg+nSKFmINhyda0D3AnjSBJw==}
    engines: {node: '>=18.0.0'}

  '@smithy/protocol-http@5.3.0':
    resolution: {integrity: sha512-6POSYlmDnsLKb7r1D3SVm7RaYW6H1vcNcTWGWrF7s9+2noNYvUsm7E4tz5ZQ9HXPmKn6Hb67pBDRIjrT4w/d7Q==}
    engines: {node: '>=18.0.0'}

  '@smithy/querystring-builder@4.2.0':
    resolution: {integrity: sha512-Q4oFD0ZmI8yJkiPPeGUITZj++4HHYCW3pYBYfIobUCkYpI6mbkzmG1MAQQ3lJYYWj3iNqfzOenUZu+jqdPQ16A==}
    engines: {node: '>=18.0.0'}

  '@smithy/querystring-parser@4.2.0':
    resolution: {integrity: sha512-BjATSNNyvVbQxOOlKse0b0pSezTWGMvA87SvoFoFlkRsKXVsN3bEtjCxvsNXJXfnAzlWFPaT9DmhWy1vn0sNEA==}
    engines: {node: '>=18.0.0'}

  '@smithy/service-error-classification@4.2.0':
    resolution: {integrity: sha512-Ylv1ttUeKatpR0wEOMnHf1hXMktPUMObDClSWl2TpCVT4DwtJhCeighLzSLbgH3jr5pBNM0LDXT5yYxUvZ9WpA==}
    engines: {node: '>=18.0.0'}

  '@smithy/shared-ini-file-loader@4.3.0':
    resolution: {integrity: sha512-VCUPPtNs+rKWlqqntX0CbVvWyjhmX30JCtzO+s5dlzzxrvSfRh5SY0yxnkirvc1c80vdKQttahL71a9EsdolSQ==}
    engines: {node: '>=18.0.0'}

  '@smithy/signature-v4@5.3.0':
    resolution: {integrity: sha512-MKNyhXEs99xAZaFhm88h+3/V+tCRDQ+PrDzRqL0xdDpq4gjxcMmf5rBA3YXgqZqMZ/XwemZEurCBQMfxZOWq/g==}
    engines: {node: '>=18.0.0'}

  '@smithy/smithy-client@4.7.1':
    resolution: {integrity: sha512-WXVbiyNf/WOS/RHUoFMkJ6leEVpln5ojCjNBnzoZeMsnCg3A0BRhLK3WYc4V7PmYcYPZh9IYzzAg9XcNSzYxYQ==}
    engines: {node: '>=18.0.0'}

  '@smithy/types@4.6.0':
    resolution: {integrity: sha512-4lI9C8NzRPOv66FaY1LL1O/0v0aLVrq/mXP/keUa9mJOApEeae43LsLd2kZRUJw91gxOQfLIrV3OvqPgWz1YsA==}
    engines: {node: '>=18.0.0'}

  '@smithy/url-parser@4.2.0':
    resolution: {integrity: sha512-AlBmD6Idav2ugmoAL6UtR6ItS7jU5h5RNqLMZC7QrLCoITA9NzIN3nx9GWi8g4z1pfWh2r9r96SX/jHiNwPJ9A==}
    engines: {node: '>=18.0.0'}

  '@smithy/util-base64@4.3.0':
    resolution: {integrity: sha512-GkXZ59JfyxsIwNTWFnjmFEI8kZpRNIBfxKjv09+nkAWPt/4aGaEWMM04m4sxgNVWkbt2MdSvE3KF/PfX4nFedQ==}
    engines: {node: '>=18.0.0'}

  '@smithy/util-body-length-browser@4.2.0':
    resolution: {integrity: sha512-Fkoh/I76szMKJnBXWPdFkQJl2r9SjPt3cMzLdOB6eJ4Pnpas8hVoWPYemX/peO0yrrvldgCUVJqOAjUrOLjbxg==}
    engines: {node: '>=18.0.0'}

  '@smithy/util-body-length-node@4.2.1':
    resolution: {integrity: sha512-h53dz/pISVrVrfxV1iqXlx5pRg3V2YWFcSQyPyXZRrZoZj4R4DeWRDo1a7dd3CPTcFi3kE+98tuNyD2axyZReA==}
    engines: {node: '>=18.0.0'}

  '@smithy/util-buffer-from@2.2.0':
    resolution: {integrity: sha512-IJdWBbTcMQ6DA0gdNhh/BwrLkDR+ADW5Kr1aZmd4k3DIF6ezMV4R2NIAmT08wQJ3yUK82thHWmC/TnK/wpMMIA==}
    engines: {node: '>=14.0.0'}

  '@smithy/util-buffer-from@4.2.0':
    resolution: {integrity: sha512-kAY9hTKulTNevM2nlRtxAG2FQ3B2OR6QIrPY3zE5LqJy1oxzmgBGsHLWTcNhWXKchgA0WHW+mZkQrng/pgcCew==}
    engines: {node: '>=18.0.0'}

  '@smithy/util-config-provider@4.2.0':
    resolution: {integrity: sha512-YEjpl6XJ36FTKmD+kRJJWYvrHeUvm5ykaUS5xK+6oXffQPHeEM4/nXlZPe+Wu0lsgRUcNZiliYNh/y7q9c2y6Q==}
    engines: {node: '>=18.0.0'}

  '@smithy/util-defaults-mode-browser@4.3.0':
    resolution: {integrity: sha512-H4MAj8j8Yp19Mr7vVtGgi7noJjvjJbsKQJkvNnLlrIFduRFT5jq5Eri1k838YW7rN2g5FTnXpz5ktKVr1KVgPQ==}
    engines: {node: '>=18.0.0'}

  '@smithy/util-defaults-mode-node@4.2.1':
    resolution: {integrity: sha512-PuDcgx7/qKEMzV1QFHJ7E4/MMeEjaA7+zS5UNcHCLPvvn59AeZQ0DSDGMpqC2xecfa/1cNGm4l8Ec/VxCuY7Ug==}
    engines: {node: '>=18.0.0'}

  '@smithy/util-endpoints@3.2.0':
    resolution: {integrity: sha512-TXeCn22D56vvWr/5xPqALc9oO+LN+QpFjrSM7peG/ckqEPoI3zaKZFp+bFwfmiHhn5MGWPaLCqDOJPPIixk9Wg==}
    engines: {node: '>=18.0.0'}

  '@smithy/util-hex-encoding@4.2.0':
    resolution: {integrity: sha512-CCQBwJIvXMLKxVbO88IukazJD9a4kQ9ZN7/UMGBjBcJYvatpWk+9g870El4cB8/EJxfe+k+y0GmR9CAzkF+Nbw==}
    engines: {node: '>=18.0.0'}

  '@smithy/util-middleware@4.2.0':
    resolution: {integrity: sha512-u9OOfDa43MjagtJZ8AapJcmimP+K2Z7szXn8xbty4aza+7P1wjFmy2ewjSbhEiYQoW1unTlOAIV165weYAaowA==}
    engines: {node: '>=18.0.0'}

  '@smithy/util-retry@4.2.0':
    resolution: {integrity: sha512-BWSiuGbwRnEE2SFfaAZEX0TqaxtvtSYPM/J73PFVm+A29Fg1HTPiYFb8TmX1DXp4hgcdyJcNQmprfd5foeORsg==}
    engines: {node: '>=18.0.0'}

  '@smithy/util-stream@4.5.0':
    resolution: {integrity: sha512-0TD5M5HCGu5diEvZ/O/WquSjhJPasqv7trjoqHyWjNh/FBeBl7a0ztl9uFMOsauYtRfd8jvpzIAQhDHbx+nvZw==}
    engines: {node: '>=18.0.0'}

  '@smithy/util-uri-escape@4.2.0':
    resolution: {integrity: sha512-igZpCKV9+E/Mzrpq6YacdTQ0qTiLm85gD6N/IrmyDvQFA4UnU3d5g3m8tMT/6zG/vVkWSU+VxeUyGonL62DuxA==}
    engines: {node: '>=18.0.0'}

  '@smithy/util-utf8@2.3.0':
    resolution: {integrity: sha512-R8Rdn8Hy72KKcebgLiv8jQcQkXoLMOGGv5uI1/k0l+snqkOzQ1R0ChUBCxWMlBsFMekWjq0wRudIweFs7sKT5A==}
    engines: {node: '>=14.0.0'}

  '@smithy/util-utf8@4.2.0':
    resolution: {integrity: sha512-zBPfuzoI8xyBtR2P6WQj63Rz8i3AmfAaJLuNG8dWsfvPe8lO4aCPYLn879mEgHndZH1zQ2oXmG8O1GGzzaoZiw==}
    engines: {node: '>=18.0.0'}

  '@smithy/uuid@1.1.0':
    resolution: {integrity: sha512-4aUIteuyxtBUhVdiQqcDhKFitwfd9hqoSDYY2KRXiWtgoWJ9Bmise+KfEPDiVHWeJepvF8xJO9/9+WDIciMFFw==}
    engines: {node: '>=18.0.0'}

  '@types/node@20.19.19':
    resolution: {integrity: sha512-pb1Uqj5WJP7wrcbLU7Ru4QtA0+3kAXrkutGiD26wUKzSMgNNaPARTUDQmElUXp64kh3cWdou3Q0C7qwwxqSFmg==}

  abstract-logging@2.0.1:
    resolution: {integrity: sha512-2BjRTZxTPvheOvGbBslFSYOUkr+SjPtOnrLP33f+VIWLzezQpZcqVg7ja3L4dBXmzzgwT+a029jRx5PCi3JuiA==}

  ajv-formats@3.0.1:
    resolution: {integrity: sha512-8iUql50EUR+uUcdRQ3HDqa6EVyo3docL8g5WJ3FNcWmu62IbkGUue/pEyLBW8VGKKucTPgqeks4fIU1DA4yowQ==}
    peerDependencies:
      ajv: ^8.0.0
    peerDependenciesMeta:
      ajv:
        optional: true

  ajv@8.17.1:
    resolution: {integrity: sha512-B/gBuNg5SiMTrPkC+A2+cW0RszwxYmn6VYxB/inlBStS5nx6xHIt/ehKRhIMhqusl7a8LjQoZnjCs5vhwxOQ1g==}

  atomic-sleep@1.0.0:
    resolution: {integrity: sha512-kNOjDqAh7px0XWNI+4QbzoiR/nTkHAWNud2uvnJquD1/x5a7EQZMJT0AczqK0Qn67oY/TTQ1LbUKajZpp3I9tQ==}
    engines: {node: '>=8.0.0'}

  avvio@9.1.0:
    resolution: {integrity: sha512-fYASnYi600CsH/j9EQov7lECAniYiBFiiAtBNuZYLA2leLe9qOvZzqYHFjtIj6gD2VMoMLP14834LFWvr4IfDw==}

  bowser@2.12.1:
    resolution: {integrity: sha512-z4rE2Gxh7tvshQ4hluIT7XcFrgLIQaw9X3A+kTTRdovCz5PMukm/0QC/BKSYPj3omF5Qfypn9O/c5kgpmvYUCw==}

  cookie@1.0.2:
    resolution: {integrity: sha512-9Kr/j4O16ISv8zBBhJoi4bXOYNTkFLOqSL3UDB0njXxCXNezjeyVrJyGOWtgfs/q2km1gwBcfH8q1yEGoMYunA==}
    engines: {node: '>=18'}

  dequal@2.0.3:
    resolution: {integrity: sha512-0je+qPKHEMohvfRTCEo3CrPG6cAzAYgmzKyxRiYSSDkS6eGJdyVJm7WaYA5ECaAD9wLB2T4EEeymA5aFVcYXCA==}
    engines: {node: '>=6'}

  drizzle-orm@0.39.3:
    resolution: {integrity: sha512-EZ8ZpYvDIvKU9C56JYLOmUskazhad+uXZCTCRN4OnRMsL+xAJ05dv1eCpAG5xzhsm1hqiuC5kAZUCS924u2DTw==}
    peerDependencies:
      '@aws-sdk/client-rds-data': '>=3'
      '@cloudflare/workers-types': '>=4'
      '@electric-sql/pglite': '>=0.2.0'
      '@libsql/client': '>=0.10.0'
      '@libsql/client-wasm': '>=0.10.0'
      '@neondatabase/serverless': '>=0.10.0'
      '@op-engineering/op-sqlite': '>=2'
      '@opentelemetry/api': ^1.4.1
      '@planetscale/database': '>=1'
      '@prisma/client': '*'
      '@tidbcloud/serverless': '*'
      '@types/better-sqlite3': '*'
      '@types/pg': '*'
      '@types/sql.js': '*'
      '@vercel/postgres': '>=0.8.0'
      '@xata.io/client': '*'
      better-sqlite3: '>=7'
      bun-types: '*'
      expo-sqlite: '>=14.0.0'
      knex: '*'
      kysely: '*'
      mysql2: '>=2'
      pg: '>=8'
      postgres: '>=3'
      prisma: '*'
      sql.js: '>=1'
      sqlite3: '>=5'
    peerDependenciesMeta:
      '@aws-sdk/client-rds-data':
        optional: true
      '@cloudflare/workers-types':
        optional: true
      '@electric-sql/pglite':
        optional: true
      '@libsql/client':
        optional: true
      '@libsql/client-wasm':
        optional: true
      '@neondatabase/serverless':
        optional: true
      '@op-engineering/op-sqlite':
        optional: true
      '@opentelemetry/api':
        optional: true
      '@planetscale/database':
        optional: true
      '@prisma/client':
        optional: true
      '@tidbcloud/serverless':
        optional: true
      '@types/better-sqlite3':
        optional: true
      '@types/pg':
        optional: true
      '@types/sql.js':
        optional: true
      '@vercel/postgres':
        optional: true
      '@xata.io/client':
        optional: true
      better-sqlite3:
        optional: true
      bun-types:
        optional: true
      expo-sqlite:
        optional: true
      knex:
        optional: true
      kysely:
        optional: true
      mysql2:
        optional: true
      pg:
        optional: true
      postgres:
        optional: true
      prisma:
        optional: true
      sql.js:
        optional: true
      sqlite3:
        optional: true

  fast-decode-uri-component@1.0.1:
    resolution: {integrity: sha512-WKgKWg5eUxvRZGwW8FvfbaH7AXSh2cL+3j5fMGzUMCxWBJ3dV3a7Wz8y2f/uQ0e3B6WmodD3oS54jTQ9HVTIIg==}

  fast-deep-equal@3.1.3:
    resolution: {integrity: sha512-f3qQ9oQy9j2AhBe/H9VC91wLmKBCCU/gDOnKNAYG5hswO7BLKj09Hc5HYNz9cGI++xlpDCIgDaitVs03ATR84Q==}

  fast-json-stringify@6.1.1:
    resolution: {integrity: sha512-DbgptncYEXZqDUOEl4krff4mUiVrTZZVI7BBrQR/T3BqMj/eM1flTC1Uk2uUoLcWCxjT95xKulV/Lc6hhOZsBQ==}

  fast-querystring@1.1.2:
    resolution: {integrity: sha512-g6KuKWmFXc0fID8WWH0jit4g0AGBoJhCkJMb1RmbsSEUNvQ+ZC8D6CUZ+GtF8nMzSPXnhiePyyqqipzNNEnHjg==}

  fast-redact@3.5.0:
    resolution: {integrity: sha512-dwsoQlS7h9hMeYUq1W++23NDcBLV4KqONnITDV9DjfS3q1SgDGVrBdvvTLUotWtPSD7asWDV9/CmsZPy8Hf70A==}
    engines: {node: '>=6'}

  fast-uri@3.1.0:
    resolution: {integrity: sha512-iPeeDKJSWf4IEOasVVrknXpaBV0IApz/gp7S2bb7Z4Lljbl2MGJRqInZiUrQwV16cpzw/D3S5j5Julj/gT52AA==}

  fast-xml-parser@5.2.5:
    resolution: {integrity: sha512-pfX9uG9Ki0yekDHx2SiuRIyFdyAr1kMIMitPvb0YBo8SUfKvia7w7FIyd/l6av85pFYRhZscS75MwMnbvY+hcQ==}
    hasBin: true

  fastify@5.6.1:
    resolution: {integrity: sha512-WjjlOciBF0K8pDUPZoGPhqhKrQJ02I8DKaDIfO51EL0kbSMwQFl85cRwhOvmSDWoukNOdTo27gLN549pLCcH7Q==}

  fastq@1.19.1:
    resolution: {integrity: sha512-GwLTyxkCXjXbxqIhTsMI2Nui8huMPtnxg7krajPJAjnEG/iiOS7i+zCtWGZR9G0NBKbXKh6X9m9UIsYX/N6vvQ==}

  find-my-way@9.3.0:
    resolution: {integrity: sha512-eRoFWQw+Yv2tuYlK2pjFS2jGXSxSppAs3hSQjfxVKxM5amECzIgYYc1FEI8ZmhSh/Ig+FrKEz43NLRKJjYCZVg==}
    engines: {node: '>=20'}

  ipaddr.js@2.2.0:
    resolution: {integrity: sha512-Ag3wB2o37wslZS19hZqorUnrnzSkpOVy+IiiDEiTqNubEYpYuHWIf6K4psgN2ZWKExS4xhVCrRVfb/wfW8fWJA==}
    engines: {node: '>= 10'}

  json-schema-ref-resolver@3.0.0:
    resolution: {integrity: sha512-hOrZIVL5jyYFjzk7+y7n5JDzGlU8rfWDuYyHwGa2WA8/pcmMHezp2xsVwxrebD/Q9t8Nc5DboieySDpCp4WG4A==}

  json-schema-traverse@1.0.0:
    resolution: {integrity: sha512-NM8/P9n3XjXhIZn1lLhkFaACTOURQXjWhV4BA/RnOv8xvgqtqpAX9IO4mRQxSx1Rlo4tqzeqb0sOlruaOy3dug==}

  light-my-request@6.6.0:
    resolution: {integrity: sha512-CHYbu8RtboSIoVsHZ6Ye4cj4Aw/yg2oAFimlF7mNvfDV192LR7nDiKtSIfCuLT7KokPSTn/9kfVLm5OGN0A28A==}

  on-exit-leak-free@2.1.2:
    resolution: {integrity: sha512-0eJJY6hXLGf1udHwfNftBqH+g73EU4B504nZeKpz1sYRKafAghwxEJunB2O7rDZkL4PGfsMVnTXZ2EjibbqcsA==}
    engines: {node: '>=14.0.0'}

  pino-abstract-transport@2.0.0:
    resolution: {integrity: sha512-F63x5tizV6WCh4R6RHyi2Ml+M70DNRXt/+HANowMflpgGFMAym/VKm6G7ZOQRjqN7XbGxK1Lg9t6ZrtzOaivMw==}

  pino-std-serializers@7.0.0:
    resolution: {integrity: sha512-e906FRY0+tV27iq4juKzSYPbUj2do2X2JX4EzSca1631EB2QJQUqGbDuERal7LCtOpxl6x3+nvo9NPZcmjkiFA==}

  pino@9.6.0:
    resolution: {integrity: sha512-i85pKRCt4qMjZ1+L7sy2Ag4t1atFcdbEt76+7iRJn1g2BvsnRMGu9p8pivl9fs63M2kF/A0OacFZhTub+m/qMg==}
    hasBin: true

  postgres@3.4.7:
    resolution: {integrity: sha512-Jtc2612XINuBjIl/QTWsV5UvE8UHuNblcO3vVADSrKsrc6RqGX6lOW1cEo3CM2v0XG4Nat8nI+YM7/f26VxXLw==}
    engines: {node: '>=12'}

  prettier@3.6.2:
    resolution: {integrity: sha512-I7AIg5boAr5R0FFtJ6rCfD+LFsWHp81dolrFD8S79U9tb8Az2nGrJncnMSnys+bpQJfRUzqs9hnA81OAA3hCuQ==}
    engines: {node: '>=14'}
    hasBin: true

  process-warning@4.0.1:
    resolution: {integrity: sha512-3c2LzQ3rY9d0hc1emcsHhfT9Jwz0cChib/QN89oME2R451w5fy3f0afAhERFZAwrbDU43wk12d0ORBpDVME50Q==}

  process-warning@5.0.0:
    resolution: {integrity: sha512-a39t9ApHNx2L4+HBnQKqxxHNs1r7KF+Intd8Q/g1bUh6q0WIp9voPXJ/x0j+ZL45KF1pJd9+q2jLIRMfvEshkA==}

  quick-format-unescaped@4.0.4:
    resolution: {integrity: sha512-tYC1Q1hgyRuHgloV/YXs2w15unPVh8qfu/qCTfhTYamaw7fyhumKa2yGpdSo87vY32rIclj+4fWYQXUMs9EHvg==}

  real-require@0.2.0:
    resolution: {integrity: sha512-57frrGM/OCTLqLOAh0mhVA9VBMHd+9U7Zb2THMGdBUoZVOtGbJzjxsYGDJ3A9AYYCP4hn6y1TVbaOfzWtm5GFg==}
    engines: {node: '>= 12.13.0'}

  require-from-string@2.0.2:
    resolution: {integrity: sha512-Xf0nWe6RseziFMu+Ap9biiUbmplq6S9/p+7w7YXP/JBHhrUDDUhwa+vANyubuqfZWTveU//DYVGsDG7RKL/vEw==}
    engines: {node: '>=0.10.0'}

  ret@0.5.0:
    resolution: {integrity: sha512-I1XxrZSQ+oErkRR4jYbAyEEu2I0avBvvMM5JN+6EBprOGRCs63ENqZ3vjavq8fBw2+62G5LF5XelKwuJpcvcxw==}
    engines: {node: '>=10'}

  reusify@1.1.0:
    resolution: {integrity: sha512-g6QUff04oZpHs0eG5p83rFLhHeV00ug/Yf9nZM6fLeUrPguBTkTQOdpAWWspMh55TZfVQDPaN3NQJfbVRAxdIw==}
    engines: {iojs: '>=1.0.0', node: '>=0.10.0'}

  rfdc@1.4.1:
    resolution: {integrity: sha512-q1b3N5QkRUWUl7iyylaaj3kOpIT0N2i9MqIEQXP73GVsN9cw3fdx8X63cEmWhJGi2PPCF23Ijp7ktmd39rawIA==}

  safe-regex2@5.0.0:
    resolution: {integrity: sha512-YwJwe5a51WlK7KbOJREPdjNrpViQBI3p4T50lfwPuDhZnE3XGVTlGvi+aolc5+RvxDD6bnUmjVsU9n1eboLUYw==}

  safe-stable-stringify@2.5.0:
    resolution: {integrity: sha512-b3rppTKm9T+PsVCBEOUR46GWI7fdOs00VKZ1+9c1EWDaDMvjQc6tUwuFyIprgGgTcWoVHSKrU8H31ZHA2e0RHA==}
    engines: {node: '>=10'}

  secure-json-parse@4.1.0:
    resolution: {integrity: sha512-l4KnYfEyqYJxDwlNVyRfO2E4NTHfMKAWdUuA8J0yve2Dz/E/PdBepY03RvyJpssIpRFwJoCD55wA+mEDs6ByWA==}

  semver@7.7.3:
    resolution: {integrity: sha512-SdsKMrI9TdgjdweUSR9MweHA4EJ8YxHn8DFaDisvhVlUOe4BF1tLD7GAj0lIqWVl+dPb/rExr0Btby5loQm20Q==}
    engines: {node: '>=10'}
    hasBin: true

  set-cookie-parser@2.7.1:
    resolution: {integrity: sha512-IOc8uWeOZgnb3ptbCURJWNjWUPcO3ZnTTdzsurqERrP6nPyv+paC55vJM0LpOlT2ne+Ix+9+CRG1MNLlyZ4GjQ==}

  sonic-boom@4.2.0:
    resolution: {integrity: sha512-INb7TM37/mAcsGmc9hyyI6+QR3rR1zVRu36B0NeGXKnOOLiZOfER5SA+N7X7k3yUYRzLWafduTDvJAfDswwEww==}

  split2@4.2.0:
    resolution: {integrity: sha512-UcjcJOWknrNkF6PLX83qcHM6KHgVKNkV62Y8a5uYDVv9ydGQVwAHMKqHdJje1VTWpljG0WYpCDhrCdAOYH4TWg==}
    engines: {node: '>= 10.x'}

  strnum@2.1.1:
    resolution: {integrity: sha512-7ZvoFTiCnGxBtDqJ//Cu6fWtZtc7Y3x+QOirG15wztbdngGSkht27o2pyGWrVy0b4WAy3jbKmnoK6g5VlVNUUw==}

  thread-stream@3.1.0:
    resolution: {integrity: sha512-OqyPZ9u96VohAyMfJykzmivOrY2wfMSf3C5TtFJVgN+Hm6aj+voFhlK+kZEIv2FBh1X6Xp3DlnCOfEQ3B2J86A==}

  toad-cache@3.7.0:
    resolution: {integrity: sha512-/m8M+2BJUpoJdgAHoG+baCwBT+tf2VraSfkBgl0Y00qIWt41DJ8R5B8nsEw0I58YwF5IZH6z24/2TobDKnqSWw==}
    engines: {node: '>=12'}

  tslib@2.8.1:
    resolution: {integrity: sha512-oJFu94HQb+KVduSUQL7wnpmqnfmLsOA/nAh6b6EH0wCEoK0/mPeXU6c3wKDV83MkOuHPRHtSXKKU99IBazS/2w==}

  typescript@5.9.3:
    resolution: {integrity: sha512-jl1vZzPDinLr9eUt3J/t7V6FgNEw9QjvBPdysz9KfQDD41fQrC2Y4vKQdiaUpFT4bXlb1RHhLpp8wtm6M5TgSw==}
    engines: {node: '>=14.17'}
    hasBin: true

  undici-types@6.21.0:
    resolution: {integrity: sha512-iwDZqg0QAGrg9Rav5H4n0M64c3mkR59cJ6wQp+7C4nI0gsmExaedaYLNO44eT4AtBBwjbTiGPMlt2Md0T9H9JQ==}

  zod@3.25.76:
    resolution: {integrity: sha512-gzUt/qt81nXsFGKIFcC3YnfEAx5NkunCfnDlvuBSSFS02bcXu4Lmea0AFIUwbLWxWPx3d9p8S5QoaujKcNQxcQ==}

snapshots:

  '@aws-crypto/sha256-browser@5.2.0':
    dependencies:
      '@aws-crypto/sha256-js': 5.2.0
      '@aws-crypto/supports-web-crypto': 5.2.0
      '@aws-crypto/util': 5.2.0
      '@aws-sdk/types': 3.901.0
      '@aws-sdk/util-locate-window': 3.893.0
      '@smithy/util-utf8': 2.3.0
      tslib: 2.8.1

  '@aws-crypto/sha256-js@5.2.0':
    dependencies:
      '@aws-crypto/util': 5.2.0
      '@aws-sdk/types': 3.901.0
      tslib: 2.8.1

  '@aws-crypto/supports-web-crypto@5.2.0':
    dependencies:
      tslib: 2.8.1

  '@aws-crypto/util@5.2.0':
    dependencies:
      '@aws-sdk/types': 3.901.0
      '@smithy/util-utf8': 2.3.0
      tslib: 2.8.1

  '@aws-sdk/client-secrets-manager@3.906.0':
    dependencies:
      '@aws-crypto/sha256-browser': 5.2.0
      '@aws-crypto/sha256-js': 5.2.0
      '@aws-sdk/core': 3.906.0
      '@aws-sdk/credential-provider-node': 3.906.0
      '@aws-sdk/middleware-host-header': 3.901.0
      '@aws-sdk/middleware-logger': 3.901.0
      '@aws-sdk/middleware-recursion-detection': 3.901.0
      '@aws-sdk/middleware-user-agent': 3.906.0
      '@aws-sdk/region-config-resolver': 3.901.0
      '@aws-sdk/types': 3.901.0
      '@aws-sdk/util-endpoints': 3.901.0
      '@aws-sdk/util-user-agent-browser': 3.901.0
      '@aws-sdk/util-user-agent-node': 3.906.0
      '@smithy/config-resolver': 4.3.0
      '@smithy/core': 3.15.0
      '@smithy/fetch-http-handler': 5.3.1
      '@smithy/hash-node': 4.2.0
      '@smithy/invalid-dependency': 4.2.0
      '@smithy/middleware-content-length': 4.2.0
      '@smithy/middleware-endpoint': 4.3.1
      '@smithy/middleware-retry': 4.4.1
      '@smithy/middleware-serde': 4.2.0
      '@smithy/middleware-stack': 4.2.0
      '@smithy/node-config-provider': 4.3.0
      '@smithy/node-http-handler': 4.3.0
      '@smithy/protocol-http': 5.3.0
      '@smithy/smithy-client': 4.7.1
      '@smithy/types': 4.6.0
      '@smithy/url-parser': 4.2.0
      '@smithy/util-base64': 4.3.0
      '@smithy/util-body-length-browser': 4.2.0
      '@smithy/util-body-length-node': 4.2.1
      '@smithy/util-defaults-mode-browser': 4.3.0
      '@smithy/util-defaults-mode-node': 4.2.1
      '@smithy/util-endpoints': 3.2.0
      '@smithy/util-middleware': 4.2.0
      '@smithy/util-retry': 4.2.0
      '@smithy/util-utf8': 4.2.0
      '@smithy/uuid': 1.1.0
      tslib: 2.8.1
    transitivePeerDependencies:
      - aws-crt

  '@aws-sdk/client-sso@3.906.0':
    dependencies:
      '@aws-crypto/sha256-browser': 5.2.0
      '@aws-crypto/sha256-js': 5.2.0
      '@aws-sdk/core': 3.906.0
      '@aws-sdk/middleware-host-header': 3.901.0
      '@aws-sdk/middleware-logger': 3.901.0
      '@aws-sdk/middleware-recursion-detection': 3.901.0
      '@aws-sdk/middleware-user-agent': 3.906.0
      '@aws-sdk/region-config-resolver': 3.901.0
      '@aws-sdk/types': 3.901.0
      '@aws-sdk/util-endpoints': 3.901.0
      '@aws-sdk/util-user-agent-browser': 3.901.0
      '@aws-sdk/util-user-agent-node': 3.906.0
      '@smithy/config-resolver': 4.3.0
      '@smithy/core': 3.15.0
      '@smithy/fetch-http-handler': 5.3.1
      '@smithy/hash-node': 4.2.0
      '@smithy/invalid-dependency': 4.2.0
      '@smithy/middleware-content-length': 4.2.0
      '@smithy/middleware-endpoint': 4.3.1
      '@smithy/middleware-retry': 4.4.1
      '@smithy/middleware-serde': 4.2.0
      '@smithy/middleware-stack': 4.2.0
      '@smithy/node-config-provider': 4.3.0
      '@smithy/node-http-handler': 4.3.0
      '@smithy/protocol-http': 5.3.0
      '@smithy/smithy-client': 4.7.1
      '@smithy/types': 4.6.0
      '@smithy/url-parser': 4.2.0
      '@smithy/util-base64': 4.3.0
      '@smithy/util-body-length-browser': 4.2.0
      '@smithy/util-body-length-node': 4.2.1
      '@smithy/util-defaults-mode-browser': 4.3.0
      '@smithy/util-defaults-mode-node': 4.2.1
      '@smithy/util-endpoints': 3.2.0
      '@smithy/util-middleware': 4.2.0
      '@smithy/util-retry': 4.2.0
      '@smithy/util-utf8': 4.2.0
      tslib: 2.8.1
    transitivePeerDependencies:
      - aws-crt

  '@aws-sdk/core@3.906.0':
    dependencies:
      '@aws-sdk/types': 3.901.0
      '@aws-sdk/xml-builder': 3.901.0
      '@smithy/core': 3.15.0
      '@smithy/node-config-provider': 4.3.0
      '@smithy/property-provider': 4.2.0
      '@smithy/protocol-http': 5.3.0
      '@smithy/signature-v4': 5.3.0
      '@smithy/smithy-client': 4.7.1
      '@smithy/types': 4.6.0
      '@smithy/util-base64': 4.3.0
      '@smithy/util-middleware': 4.2.0
      '@smithy/util-utf8': 4.2.0
      tslib: 2.8.1

  '@aws-sdk/credential-provider-env@3.906.0':
    dependencies:
      '@aws-sdk/core': 3.906.0
      '@aws-sdk/types': 3.901.0
      '@smithy/property-provider': 4.2.0
      '@smithy/types': 4.6.0
      tslib: 2.8.1

  '@aws-sdk/credential-provider-http@3.906.0':
    dependencies:
      '@aws-sdk/core': 3.906.0
      '@aws-sdk/types': 3.901.0
      '@smithy/fetch-http-handler': 5.3.1
      '@smithy/node-http-handler': 4.3.0
      '@smithy/property-provider': 4.2.0
      '@smithy/protocol-http': 5.3.0
      '@smithy/smithy-client': 4.7.1
      '@smithy/types': 4.6.0
      '@smithy/util-stream': 4.5.0
      tslib: 2.8.1

  '@aws-sdk/credential-provider-ini@3.906.0':
    dependencies:
      '@aws-sdk/core': 3.906.0
      '@aws-sdk/credential-provider-env': 3.906.0
      '@aws-sdk/credential-provider-http': 3.906.0
      '@aws-sdk/credential-provider-process': 3.906.0
      '@aws-sdk/credential-provider-sso': 3.906.0
      '@aws-sdk/credential-provider-web-identity': 3.906.0
      '@aws-sdk/nested-clients': 3.906.0
      '@aws-sdk/types': 3.901.0
      '@smithy/credential-provider-imds': 4.2.0
      '@smithy/property-provider': 4.2.0
      '@smithy/shared-ini-file-loader': 4.3.0
      '@smithy/types': 4.6.0
      tslib: 2.8.1
    transitivePeerDependencies:
      - aws-crt

  '@aws-sdk/credential-provider-node@3.906.0':
    dependencies:
      '@aws-sdk/credential-provider-env': 3.906.0
      '@aws-sdk/credential-provider-http': 3.906.0
      '@aws-sdk/credential-provider-ini': 3.906.0
      '@aws-sdk/credential-provider-process': 3.906.0
      '@aws-sdk/credential-provider-sso': 3.906.0
      '@aws-sdk/credential-provider-web-identity': 3.906.0
      '@aws-sdk/types': 3.901.0
      '@smithy/credential-provider-imds': 4.2.0
      '@smithy/property-provider': 4.2.0
      '@smithy/shared-ini-file-loader': 4.3.0
      '@smithy/types': 4.6.0
      tslib: 2.8.1
    transitivePeerDependencies:
      - aws-crt

  '@aws-sdk/credential-provider-process@3.906.0':
    dependencies:
      '@aws-sdk/core': 3.906.0
      '@aws-sdk/types': 3.901.0
      '@smithy/property-provider': 4.2.0
      '@smithy/shared-ini-file-loader': 4.3.0
      '@smithy/types': 4.6.0
      tslib: 2.8.1

  '@aws-sdk/credential-provider-sso@3.906.0':
    dependencies:
      '@aws-sdk/client-sso': 3.906.0
      '@aws-sdk/core': 3.906.0
      '@aws-sdk/token-providers': 3.906.0
      '@aws-sdk/types': 3.901.0
      '@smithy/property-provider': 4.2.0
      '@smithy/shared-ini-file-loader': 4.3.0
      '@smithy/types': 4.6.0
      tslib: 2.8.1
    transitivePeerDependencies:
      - aws-crt

  '@aws-sdk/credential-provider-web-identity@3.906.0':
    dependencies:
      '@aws-sdk/core': 3.906.0
      '@aws-sdk/nested-clients': 3.906.0
      '@aws-sdk/types': 3.901.0
      '@smithy/property-provider': 4.2.0
      '@smithy/shared-ini-file-loader': 4.3.0
      '@smithy/types': 4.6.0
      tslib: 2.8.1
    transitivePeerDependencies:
      - aws-crt

  '@aws-sdk/middleware-host-header@3.901.0':
    dependencies:
      '@aws-sdk/types': 3.901.0
      '@smithy/protocol-http': 5.3.0
      '@smithy/types': 4.6.0
      tslib: 2.8.1

  '@aws-sdk/middleware-logger@3.901.0':
    dependencies:
      '@aws-sdk/types': 3.901.0
      '@smithy/types': 4.6.0
      tslib: 2.8.1

  '@aws-sdk/middleware-recursion-detection@3.901.0':
    dependencies:
      '@aws-sdk/types': 3.901.0
      '@aws/lambda-invoke-store': 0.0.1
      '@smithy/protocol-http': 5.3.0
      '@smithy/types': 4.6.0
      tslib: 2.8.1

  '@aws-sdk/middleware-user-agent@3.906.0':
    dependencies:
      '@aws-sdk/core': 3.906.0
      '@aws-sdk/types': 3.901.0
      '@aws-sdk/util-endpoints': 3.901.0
      '@smithy/core': 3.15.0
      '@smithy/protocol-http': 5.3.0
      '@smithy/types': 4.6.0
      tslib: 2.8.1

  '@aws-sdk/nested-clients@3.906.0':
    dependencies:
      '@aws-crypto/sha256-browser': 5.2.0
      '@aws-crypto/sha256-js': 5.2.0
      '@aws-sdk/core': 3.906.0
      '@aws-sdk/middleware-host-header': 3.901.0
      '@aws-sdk/middleware-logger': 3.901.0
      '@aws-sdk/middleware-recursion-detection': 3.901.0
      '@aws-sdk/middleware-user-agent': 3.906.0
      '@aws-sdk/region-config-resolver': 3.901.0
      '@aws-sdk/types': 3.901.0
      '@aws-sdk/util-endpoints': 3.901.0
      '@aws-sdk/util-user-agent-browser': 3.901.0
      '@aws-sdk/util-user-agent-node': 3.906.0
      '@smithy/config-resolver': 4.3.0
      '@smithy/core': 3.15.0
      '@smithy/fetch-http-handler': 5.3.1
      '@smithy/hash-node': 4.2.0
      '@smithy/invalid-dependency': 4.2.0
      '@smithy/middleware-content-length': 4.2.0
      '@smithy/middleware-endpoint': 4.3.1
      '@smithy/middleware-retry': 4.4.1
      '@smithy/middleware-serde': 4.2.0
      '@smithy/middleware-stack': 4.2.0
      '@smithy/node-config-provider': 4.3.0
      '@smithy/node-http-handler': 4.3.0
      '@smithy/protocol-http': 5.3.0
      '@smithy/smithy-client': 4.7.1
      '@smithy/types': 4.6.0
      '@smithy/url-parser': 4.2.0
      '@smithy/util-base64': 4.3.0
      '@smithy/util-body-length-browser': 4.2.0
      '@smithy/util-body-length-node': 4.2.1
      '@smithy/util-defaults-mode-browser': 4.3.0
      '@smithy/util-defaults-mode-node': 4.2.1
      '@smithy/util-endpoints': 3.2.0
      '@smithy/util-middleware': 4.2.0
      '@smithy/util-retry': 4.2.0
      '@smithy/util-utf8': 4.2.0
      tslib: 2.8.1
    transitivePeerDependencies:
      - aws-crt

  '@aws-sdk/region-config-resolver@3.901.0':
    dependencies:
      '@aws-sdk/types': 3.901.0
      '@smithy/node-config-provider': 4.3.0
      '@smithy/types': 4.6.0
      '@smithy/util-config-provider': 4.2.0
      '@smithy/util-middleware': 4.2.0
      tslib: 2.8.1

  '@aws-sdk/token-providers@3.906.0':
    dependencies:
      '@aws-sdk/core': 3.906.0
      '@aws-sdk/nested-clients': 3.906.0
      '@aws-sdk/types': 3.901.0
      '@smithy/property-provider': 4.2.0
      '@smithy/shared-ini-file-loader': 4.3.0
      '@smithy/types': 4.6.0
      tslib: 2.8.1
    transitivePeerDependencies:
      - aws-crt

  '@aws-sdk/types@3.901.0':
    dependencies:
      '@smithy/types': 4.6.0
      tslib: 2.8.1

  '@aws-sdk/util-endpoints@3.901.0':
    dependencies:
      '@aws-sdk/types': 3.901.0
      '@smithy/types': 4.6.0
      '@smithy/url-parser': 4.2.0
      '@smithy/util-endpoints': 3.2.0
      tslib: 2.8.1

  '@aws-sdk/util-locate-window@3.893.0':
    dependencies:
      tslib: 2.8.1

  '@aws-sdk/util-user-agent-browser@3.901.0':
    dependencies:
      '@aws-sdk/types': 3.901.0
      '@smithy/types': 4.6.0
      bowser: 2.12.1
      tslib: 2.8.1

  '@aws-sdk/util-user-agent-node@3.906.0':
    dependencies:
      '@aws-sdk/middleware-user-agent': 3.906.0
      '@aws-sdk/types': 3.901.0
      '@smithy/node-config-provider': 4.3.0
      '@smithy/types': 4.6.0
      tslib: 2.8.1

  '@aws-sdk/xml-builder@3.901.0':
    dependencies:
      '@smithy/types': 4.6.0
      fast-xml-parser: 5.2.5
      tslib: 2.8.1

  '@aws/lambda-invoke-store@0.0.1': {}

  '@fastify/ajv-compiler@4.0.2':
    dependencies:
      ajv: 8.17.1
      ajv-formats: 3.0.1(ajv@8.17.1)
      fast-uri: 3.1.0

  '@fastify/error@4.2.0': {}

  '@fastify/fast-json-stringify-compiler@5.0.3':
    dependencies:
      fast-json-stringify: 6.1.1

  '@fastify/forwarded@3.0.1': {}

  '@fastify/merge-json-schemas@0.2.1':
    dependencies:
      dequal: 2.0.3

  '@fastify/proxy-addr@5.1.0':
    dependencies:
      '@fastify/forwarded': 3.0.1
      ipaddr.js: 2.2.0

  '@smithy/abort-controller@4.2.0':
    dependencies:
      '@smithy/types': 4.6.0
      tslib: 2.8.1

  '@smithy/config-resolver@4.3.0':
    dependencies:
      '@smithy/node-config-provider': 4.3.0
      '@smithy/types': 4.6.0
      '@smithy/util-config-provider': 4.2.0
      '@smithy/util-middleware': 4.2.0
      tslib: 2.8.1

  '@smithy/core@3.15.0':
    dependencies:
      '@smithy/middleware-serde': 4.2.0
      '@smithy/protocol-http': 5.3.0
      '@smithy/types': 4.6.0
      '@smithy/util-base64': 4.3.0
      '@smithy/util-body-length-browser': 4.2.0
      '@smithy/util-middleware': 4.2.0
      '@smithy/util-stream': 4.5.0
      '@smithy/util-utf8': 4.2.0
      '@smithy/uuid': 1.1.0
      tslib: 2.8.1

  '@smithy/credential-provider-imds@4.2.0':
    dependencies:
      '@smithy/node-config-provider': 4.3.0
      '@smithy/property-provider': 4.2.0
      '@smithy/types': 4.6.0
      '@smithy/url-parser': 4.2.0
      tslib: 2.8.1

  '@smithy/fetch-http-handler@5.3.1':
    dependencies:
      '@smithy/protocol-http': 5.3.0
      '@smithy/querystring-builder': 4.2.0
      '@smithy/types': 4.6.0
      '@smithy/util-base64': 4.3.0
      tslib: 2.8.1

  '@smithy/hash-node@4.2.0':
    dependencies:
      '@smithy/types': 4.6.0
      '@smithy/util-buffer-from': 4.2.0
      '@smithy/util-utf8': 4.2.0
      tslib: 2.8.1

  '@smithy/invalid-dependency@4.2.0':
    dependencies:
      '@smithy/types': 4.6.0
      tslib: 2.8.1

  '@smithy/is-array-buffer@2.2.0':
    dependencies:
      tslib: 2.8.1

  '@smithy/is-array-buffer@4.2.0':
    dependencies:
      tslib: 2.8.1

  '@smithy/middleware-content-length@4.2.0':
    dependencies:
      '@smithy/protocol-http': 5.3.0
      '@smithy/types': 4.6.0
      tslib: 2.8.1

  '@smithy/middleware-endpoint@4.3.1':
    dependencies:
      '@smithy/core': 3.15.0
      '@smithy/middleware-serde': 4.2.0
      '@smithy/node-config-provider': 4.3.0
      '@smithy/shared-ini-file-loader': 4.3.0
      '@smithy/types': 4.6.0
      '@smithy/url-parser': 4.2.0
      '@smithy/util-middleware': 4.2.0
      tslib: 2.8.1

  '@smithy/middleware-retry@4.4.1':
    dependencies:
      '@smithy/node-config-provider': 4.3.0
      '@smithy/protocol-http': 5.3.0
      '@smithy/service-error-classification': 4.2.0
      '@smithy/smithy-client': 4.7.1
      '@smithy/types': 4.6.0
      '@smithy/util-middleware': 4.2.0
      '@smithy/util-retry': 4.2.0
      '@smithy/uuid': 1.1.0
      tslib: 2.8.1

  '@smithy/middleware-serde@4.2.0':
    dependencies:
      '@smithy/protocol-http': 5.3.0
      '@smithy/types': 4.6.0
      tslib: 2.8.1

  '@smithy/middleware-stack@4.2.0':
    dependencies:
      '@smithy/types': 4.6.0
      tslib: 2.8.1

  '@smithy/node-config-provider@4.3.0':
    dependencies:
      '@smithy/property-provider': 4.2.0
      '@smithy/shared-ini-file-loader': 4.3.0
      '@smithy/types': 4.6.0
      tslib: 2.8.1

  '@smithy/node-http-handler@4.3.0':
    dependencies:
      '@smithy/abort-controller': 4.2.0
      '@smithy/protocol-http': 5.3.0
      '@smithy/querystring-builder': 4.2.0
      '@smithy/types': 4.6.0
      tslib: 2.8.1

  '@smithy/property-provider@4.2.0':
    dependencies:
      '@smithy/types': 4.6.0
      tslib: 2.8.1

  '@smithy/protocol-http@5.3.0':
    dependencies:
      '@smithy/types': 4.6.0
      tslib: 2.8.1

  '@smithy/querystring-builder@4.2.0':
    dependencies:
      '@smithy/types': 4.6.0
      '@smithy/util-uri-escape': 4.2.0
      tslib: 2.8.1

  '@smithy/querystring-parser@4.2.0':
    dependencies:
      '@smithy/types': 4.6.0
      tslib: 2.8.1

  '@smithy/service-error-classification@4.2.0':
    dependencies:
      '@smithy/types': 4.6.0

  '@smithy/shared-ini-file-loader@4.3.0':
    dependencies:
      '@smithy/types': 4.6.0
      tslib: 2.8.1

  '@smithy/signature-v4@5.3.0':
    dependencies:
      '@smithy/is-array-buffer': 4.2.0
      '@smithy/protocol-http': 5.3.0
      '@smithy/types': 4.6.0
      '@smithy/util-hex-encoding': 4.2.0
      '@smithy/util-middleware': 4.2.0
      '@smithy/util-uri-escape': 4.2.0
      '@smithy/util-utf8': 4.2.0
      tslib: 2.8.1

  '@smithy/smithy-client@4.7.1':
    dependencies:
      '@smithy/core': 3.15.0
      '@smithy/middleware-endpoint': 4.3.1
      '@smithy/middleware-stack': 4.2.0
      '@smithy/protocol-http': 5.3.0
      '@smithy/types': 4.6.0
      '@smithy/util-stream': 4.5.0
      tslib: 2.8.1

  '@smithy/types@4.6.0':
    dependencies:
      tslib: 2.8.1

  '@smithy/url-parser@4.2.0':
    dependencies:
      '@smithy/querystring-parser': 4.2.0
      '@smithy/types': 4.6.0
      tslib: 2.8.1

  '@smithy/util-base64@4.3.0':
    dependencies:
      '@smithy/util-buffer-from': 4.2.0
      '@smithy/util-utf8': 4.2.0
      tslib: 2.8.1

  '@smithy/util-body-length-browser@4.2.0':
    dependencies:
      tslib: 2.8.1

  '@smithy/util-body-length-node@4.2.1':
    dependencies:
      tslib: 2.8.1

  '@smithy/util-buffer-from@2.2.0':
    dependencies:
      '@smithy/is-array-buffer': 2.2.0
      tslib: 2.8.1

  '@smithy/util-buffer-from@4.2.0':
    dependencies:
      '@smithy/is-array-buffer': 4.2.0
      tslib: 2.8.1

  '@smithy/util-config-provider@4.2.0':
    dependencies:
      tslib: 2.8.1

  '@smithy/util-defaults-mode-browser@4.3.0':
    dependencies:
      '@smithy/property-provider': 4.2.0
      '@smithy/smithy-client': 4.7.1
      '@smithy/types': 4.6.0
      tslib: 2.8.1

  '@smithy/util-defaults-mode-node@4.2.1':
    dependencies:
      '@smithy/config-resolver': 4.3.0
      '@smithy/credential-provider-imds': 4.2.0
      '@smithy/node-config-provider': 4.3.0
      '@smithy/property-provider': 4.2.0
      '@smithy/smithy-client': 4.7.1
      '@smithy/types': 4.6.0
      tslib: 2.8.1

  '@smithy/util-endpoints@3.2.0':
    dependencies:
      '@smithy/node-config-provider': 4.3.0
      '@smithy/types': 4.6.0
      tslib: 2.8.1

  '@smithy/util-hex-encoding@4.2.0':
    dependencies:
      tslib: 2.8.1

  '@smithy/util-middleware@4.2.0':
    dependencies:
      '@smithy/types': 4.6.0
      tslib: 2.8.1

  '@smithy/util-retry@4.2.0':
    dependencies:
      '@smithy/service-error-classification': 4.2.0
      '@smithy/types': 4.6.0
      tslib: 2.8.1

  '@smithy/util-stream@4.5.0':
    dependencies:
      '@smithy/fetch-http-handler': 5.3.1
      '@smithy/node-http-handler': 4.3.0
      '@smithy/types': 4.6.0
      '@smithy/util-base64': 4.3.0
      '@smithy/util-buffer-from': 4.2.0
      '@smithy/util-hex-encoding': 4.2.0
      '@smithy/util-utf8': 4.2.0
      tslib: 2.8.1

  '@smithy/util-uri-escape@4.2.0':
    dependencies:
      tslib: 2.8.1

  '@smithy/util-utf8@2.3.0':
    dependencies:
      '@smithy/util-buffer-from': 2.2.0
      tslib: 2.8.1

  '@smithy/util-utf8@4.2.0':
    dependencies:
      '@smithy/util-buffer-from': 4.2.0
      tslib: 2.8.1

  '@smithy/uuid@1.1.0':
    dependencies:
      tslib: 2.8.1

  '@types/node@20.19.19':
    dependencies:
      undici-types: 6.21.0

  abstract-logging@2.0.1: {}

  ajv-formats@3.0.1(ajv@8.17.1):
    optionalDependencies:
      ajv: 8.17.1

  ajv@8.17.1:
    dependencies:
      fast-deep-equal: 3.1.3
      fast-uri: 3.1.0
      json-schema-traverse: 1.0.0
      require-from-string: 2.0.2

  atomic-sleep@1.0.0: {}

  avvio@9.1.0:
    dependencies:
      '@fastify/error': 4.2.0
      fastq: 1.19.1

  bowser@2.12.1: {}

  cookie@1.0.2: {}

  dequal@2.0.3: {}

  drizzle-orm@0.39.3(postgres@3.4.7):
    optionalDependencies:
      postgres: 3.4.7

  fast-decode-uri-component@1.0.1: {}

  fast-deep-equal@3.1.3: {}

  fast-json-stringify@6.1.1:
    dependencies:
      '@fastify/merge-json-schemas': 0.2.1
      ajv: 8.17.1
      ajv-formats: 3.0.1(ajv@8.17.1)
      fast-uri: 3.1.0
      json-schema-ref-resolver: 3.0.0
      rfdc: 1.4.1

  fast-querystring@1.1.2:
    dependencies:
      fast-decode-uri-component: 1.0.1

  fast-redact@3.5.0: {}

  fast-uri@3.1.0: {}

  fast-xml-parser@5.2.5:
    dependencies:
      strnum: 2.1.1

  fastify@5.6.1:
    dependencies:
      '@fastify/ajv-compiler': 4.0.2
      '@fastify/error': 4.2.0
      '@fastify/fast-json-stringify-compiler': 5.0.3
      '@fastify/proxy-addr': 5.1.0
      abstract-logging: 2.0.1
      avvio: 9.1.0
      fast-json-stringify: 6.1.1
      find-my-way: 9.3.0
      light-my-request: 6.6.0
      pino: 9.6.0
      process-warning: 5.0.0
      rfdc: 1.4.1
      secure-json-parse: 4.1.0
      semver: 7.7.3
      toad-cache: 3.7.0

  fastq@1.19.1:
    dependencies:
      reusify: 1.1.0

  find-my-way@9.3.0:
    dependencies:
      fast-deep-equal: 3.1.3
      fast-querystring: 1.1.2
      safe-regex2: 5.0.0

  ipaddr.js@2.2.0: {}

  json-schema-ref-resolver@3.0.0:
    dependencies:
      dequal: 2.0.3

  json-schema-traverse@1.0.0: {}

  light-my-request@6.6.0:
    dependencies:
      cookie: 1.0.2
      process-warning: 4.0.1
      set-cookie-parser: 2.7.1

  on-exit-leak-free@2.1.2: {}

  pino-abstract-transport@2.0.0:
    dependencies:
      split2: 4.2.0

  pino-std-serializers@7.0.0: {}

  pino@9.6.0:
    dependencies:
      atomic-sleep: 1.0.0
      fast-redact: 3.5.0
      on-exit-leak-free: 2.1.2
      pino-abstract-transport: 2.0.0
      pino-std-serializers: 7.0.0
      process-warning: 4.0.1
      quick-format-unescaped: 4.0.4
      real-require: 0.2.0
      safe-stable-stringify: 2.5.0
      sonic-boom: 4.2.0
      thread-stream: 3.1.0

  postgres@3.4.7: {}

  prettier@3.6.2: {}

  process-warning@4.0.1: {}

  process-warning@5.0.0: {}

  quick-format-unescaped@4.0.4: {}

  real-require@0.2.0: {}

  require-from-string@2.0.2: {}

  ret@0.5.0: {}

  reusify@1.1.0: {}

  rfdc@1.4.1: {}

  safe-regex2@5.0.0:
    dependencies:
      ret: 0.5.0

  safe-stable-stringify@2.5.0: {}

  secure-json-parse@4.1.0: {}

  semver@7.7.3: {}

  set-cookie-parser@2.7.1: {}

  sonic-boom@4.2.0:
    dependencies:
      atomic-sleep: 1.0.0

  split2@4.2.0: {}

  strnum@2.1.1: {}

  thread-stream@3.1.0:
    dependencies:
      real-require: 0.2.0

  toad-cache@3.7.0: {}

  tslib@2.8.1: {}

  typescript@5.9.3: {}

  undici-types@6.21.0: {}

  zod@3.25.76: {}
