---
lockfileVersion: '9.0'

importers:

  .:
    configDependencies: {}
    packageManagerDependencies:
      pnpm:
        specifier: 12.4.1
        version: 12.4.1

packages:

  '@pnpm/exe.android-arm64@12.4.1':
    resolution: {integrity: sha512-/HwsqXMSmlOfgtV9+O0ratzjV6Vd/8n1hh4rGHpCGmDURvt52MwZxdbhyxP4K03ZfvgSDvotFPr8O+RzE5Eu8A==}
    cpu: [arm64]
    os: [android]

  '@pnpm/exe.android-x64@12.4.1':
    resolution: {integrity: sha512-+l74Qb4c2YjOzNKHXJLg+1wr8xHM1ckkUhnU5KRUK9TJqiiczt6yeTZqqzHIlJ8i6pAoj5V0OJevDRwnQKLgrQ==}
    cpu: [x64]
    os: [android]

  '@pnpm/exe.darwin-arm64@12.4.1':
    resolution: {integrity: sha512-6rkZkT3iGfaxknUdGHraqSWFvTa6N0ajAHluv9Ax0GRWs0sIcGNiFhDopv6xSZCsJZmG483aNS/b6UEDy3blfw==}
    cpu: [arm64]
    os: [darwin]

  '@pnpm/exe.darwin-x64@12.4.1':
    resolution: {integrity: sha512-Vb1CHlR88HghC1qUxjxjs82zQSXnXacPD+btG2CmG8Q/hBU7Q0/b2YWJKSQqZXicunV5khFtfTlAwJddV9RkYA==}
    cpu: [x64]
    os: [darwin]

  '@pnpm/exe.freebsd-x64@12.4.1':
    resolution: {integrity: sha512-iT3iHz3Nl0Sxxj7UPOtZ/aQ81AFsQhjoeWMAlPkSRO04gsgDGAXv3UYxOFaesMWsfNxaGn0A+CITbuCHFF66FA==}
    cpu: [x64]
    os: [freebsd]

  '@pnpm/exe.linux-arm64-musl@12.4.1':
    resolution: {integrity: sha512-aBooZfNXM5f+OGUgCAMFWpE/kAhsWfvmqIyMtHy6zl3aNxyInWrcY/Saln/UElzo7lZWMC0Yktroxd/2J26lNQ==}
    cpu: [arm64]
    os: [linux]
    libc: [musl]

  '@pnpm/exe.linux-arm64@12.4.1':
    resolution: {integrity: sha512-TlOdacTTP09BgcMvwWBFRsu8VAjfwqwnslBj+XSq1JFM3ck4f3k+1O/747EuctxZxs3/o785b6Q3s7Pd92Ptsg==}
    cpu: [arm64]
    os: [linux]
    libc: [glibc]

  '@pnpm/exe.linux-ppc64@12.4.1':
    resolution: {integrity: sha512-r/ab/MlIBo75oizUP5ITiziCCrnXz4SJwfErLQ+603AshB+Yq7xTMCoMtzTSCAMu6aaymIKkAFtZvd2J75Wq0w==}
    cpu: [ppc64]
    os: [linux]
    libc: [glibc]

  '@pnpm/exe.linux-riscv64@12.4.1':
    resolution: {integrity: sha512-C/D1QWdKMiB8+wv/spl1rGITFUuqC+aI/fb6h8NB5sqxsOaGXeYc/g891oCuzggHn6SODk9p+I09hI76x/cMNw==}
    cpu: [riscv64]
    os: [linux]
    libc: [glibc]

  '@pnpm/exe.linux-s390x@12.4.1':
    resolution: {integrity: sha512-nxz5zD4yXt94uzbStDk0QTPKW+aE92hH1b5tFXK9ctB1HE9Xcq1vjTiA2LsZMFC6p4gdu5OwQeFqYNAVGa6QlA==}
    cpu: [s390x]
    os: [linux]
    libc: [glibc]

  '@pnpm/exe.linux-x64-musl@12.4.1':
    resolution: {integrity: sha512-5AwgFdGhVUg2kIweYGfxzSLEHiIG77PQhZAkXC3TwofQHsu1Wr+TrV5/rNX2PopFnHRzuE581zoB8F6Wle32yg==}
    cpu: [x64]
    os: [linux]
    libc: [musl]

  '@pnpm/exe.linux-x64@12.4.1':
    resolution: {integrity: sha512-FJOZuuuQMhp0oLzBtcKkLXknBI92hfkmSnlKc47vfin4HrmfID5khY2lGekL9tCzk1cpR+HShEw/meFl+nHtzQ==}
    cpu: [x64]
    os: [linux]
    libc: [glibc]

  '@pnpm/exe.win32-arm64@12.4.1':
    resolution: {integrity: sha512-OO7eKBL9S+xk5hRy+JUUZSNJknGuGe3GEUffsrlC2LbqKF02g+VX1anGIzSbJDvkkdnpJhSlxF5AUz2JzJu2Jw==}
    cpu: [arm64]
    os: [win32]

  '@pnpm/exe.win32-x64@12.4.1':
    resolution: {integrity: sha512-x7gJHZgHo6hp354xCYA2NvoFzYJkHwovt2kVsUBK5EmXULLcP51JGMq09CX+5FRFJUZFKoXjLu3mZWmfP7o6PQ==}
    cpu: [x64]
    os: [win32]

  pnpm@12.4.1:
    resolution: {integrity: sha512-LoHjmdc/6DkNqyXgaqeIq3pZCCSNL1o3D4K0gRR6ano2e/gEj5pv22Rg8hpm8FQt7bi5TKLIcjWWdBkgsWVtTA==}
    engines: {node: '>=18.*'}
    hasBin: true

snapshots:

  '@pnpm/exe.android-arm64@12.4.1':
    optional: true

  '@pnpm/exe.android-x64@12.4.1':
    optional: true

  '@pnpm/exe.darwin-arm64@12.4.1':
    optional: true

  '@pnpm/exe.darwin-x64@12.4.1':
    optional: true

  '@pnpm/exe.freebsd-x64@12.4.1':
    optional: true

  '@pnpm/exe.linux-arm64-musl@12.4.1':
    optional: true

  '@pnpm/exe.linux-arm64@12.4.1':
    optional: true

  '@pnpm/exe.linux-ppc64@12.4.1':
    optional: true

  '@pnpm/exe.linux-riscv64@12.4.1':
    optional: true

  '@pnpm/exe.linux-s390x@12.4.1':
    optional: true

  '@pnpm/exe.linux-x64-musl@12.4.1':
    optional: true

  '@pnpm/exe.linux-x64@12.4.1':
    optional: true

  '@pnpm/exe.win32-arm64@12.4.1':
    optional: true

  '@pnpm/exe.win32-x64@12.4.1':
    optional: true

  pnpm@12.4.1:
    optionalDependencies:
      '@pnpm/exe.android-arm64': 12.4.1
      '@pnpm/exe.android-x64': 12.4.1
      '@pnpm/exe.darwin-arm64': 12.4.1
      '@pnpm/exe.darwin-x64': 12.4.1
      '@pnpm/exe.freebsd-x64': 12.4.1
      '@pnpm/exe.linux-arm64': 12.4.1
      '@pnpm/exe.linux-arm64-musl': 12.4.1
      '@pnpm/exe.linux-ppc64': 12.4.1
      '@pnpm/exe.linux-riscv64': 12.4.1
      '@pnpm/exe.linux-s390x': 12.4.1
      '@pnpm/exe.linux-x64': 12.4.1
      '@pnpm/exe.linux-x64-musl': 12.4.1
      '@pnpm/exe.win32-arm64': 12.4.1
      '@pnpm/exe.win32-x64': 12.4.1

---
lockfileVersion: '9.0'

settings:
  autoInstallPeers: true
  excludeLinksFromLockfile: false

importers:

  .:
    dependencies:
      html-to-text:
        specifier: 9.0.5
        version: 9.0.5
      libphonenumber-js:
        specifier: ^1.12.41
        version: 1.12.41
      uint8arrays:
        specifier: ^5.1.0
        version: 5.1.0
      zod:
        specifier: ^4.3.6
        version: 4.3.6
    devDependencies:
      '@types/html-to-text':
        specifier: 9.0.4
        version: 9.0.4
      '@types/node':
        specifier: ^26.2.0
        version: 26.2.0
      prettier:
        specifier: ^3.8.1
        version: 3.8.1
      typescript:
        specifier: ^6.0.2
        version: 6.0.2

packages:

  '@selderee/plugin-htmlparser2@0.11.0':
    resolution: {integrity: sha512-P33hHGdldxGabLFjPPpaTxVolMrzrcegejx+0GxjrIb9Zv48D8yAIA/QTDR2dFl7Uz7urX8aX6+5bCZslr+gWQ==}

  '@types/html-to-text@9.0.4':
    resolution: {integrity: sha512-pUY3cKH/Nm2yYrEmDlPR1mR7yszjGx4DrwPjQ702C4/D5CwHuZTgZdIdwPkRbcuhs7BAh2L5rg3CL5cbRiGTCQ==}

  '@types/node@26.2.0':
    resolution: {integrity: sha512-5IviulTZeRNp2vAJ514cc/HUlY5nZ9fCbq9DMyC52BrhFZACo3nI0R7qBxhQmo/d27NFe96ur/b7Wwxklda+kg==}

  deepmerge@4.3.1:
    resolution: {integrity: sha512-3sUqbMEc77XqpdNO7FRyRog+eW3ph+GYCbj+rK+uYyRMuwsVy0rMiVtPn+QJlKFvWP/1PYpapqYn0Me2knFn+A==}
    engines: {node: '>=0.10.0'}

  dom-serializer@2.0.0:
    resolution: {integrity: sha512-wIkAryiqt/nV5EQKqQpo3SToSOV9J0DnbJqwK7Wv/Trc92zIAYZ4FlMu+JPFW1DfGFt81ZTCGgDEabffXeLyJg==}

  domelementtype@2.3.0:
    resolution: {integrity: sha512-OLETBj6w0OsagBwdXnPdN0cnMfF9opN69co+7ZrbfPGrdpPVNBUj02spi6B1N7wChLQiPn4CSH/zJvXw56gmHw==}

  domhandler@5.0.3:
    resolution: {integrity: sha512-cgwlv/1iFQiFnU96XXgROh8xTeetsnJiDsTc7TYCLFd9+/WNkIqPTxiM/8pSd8VIrhXGTf1Ny1q1hquVqDJB5w==}
    engines: {node: '>= 4'}

  domutils@3.2.2:
    resolution: {integrity: sha512-6kZKyUajlDuqlHKVX1w7gyslj9MPIXzIFiz/rGu35uC1wMi+kMhQwGhl4lt9unC9Vb9INnY9Z3/ZA3+FhASLaw==}

  entities@4.5.0:
    resolution: {integrity: sha512-V0hjH4dGPh9Ao5p0MoRY6BVqtwCjhz6vI5LT8AJ55H+4g9/4vbHx1I54fS0XuclLhDHArPQCiMjDxjaL8fPxhw==}
    engines: {node: '>=0.12'}

  html-to-text@9.0.5:
    resolution: {integrity: sha512-qY60FjREgVZL03vJU6IfMV4GDjGBIoOyvuFdpBDIX9yTlDw0TjxVBQp+P8NvpdIXNJvfWBTNul7fsAQJq2FNpg==}
    engines: {node: '>=14'}

  htmlparser2@8.0.2:
    resolution: {integrity: sha512-GYdjWKDkbRLkZ5geuHs5NY1puJ+PXwP7+fHPRz06Eirsb9ugf6d8kkXav6ADhcODhFFPMIXyxkxSuMf3D6NCFA==}

  leac@0.6.0:
    resolution: {integrity: sha512-y+SqErxb8h7nE/fiEX07jsbuhrpO9lL8eca7/Y1nuWV2moNlXhyd59iDGcRf6moVyDMbmTNzL40SUyrFU/yDpg==}

  libphonenumber-js@1.12.41:
    resolution: {integrity: sha512-lsmMmGXBxXIK/VMLEj0kL6MtUs1kBGj1nTCzi6zgQoG1DEwqwt2DQyHxcLykceIxAnfE3hya7NuIh6PpC6S3fA==}

  multiformats@13.4.1:
    resolution: {integrity: sha512-VqO6OSvLrFVAYYjgsr8tyv62/rCQhPgsZUXLTqoFLSgdkgiUYKYeArbt1uWLlEpkjxQe+P0+sHlbPEte1Bi06Q==}

  parseley@0.12.1:
    resolution: {integrity: sha512-e6qHKe3a9HWr0oMRVDTRhKce+bRO8VGQR3NyVwcjwrbhMmFCX9KszEV35+rn4AdilFAq9VPxP/Fe1wC9Qjd2lw==}

  peberminta@0.9.0:
    resolution: {integrity: sha512-XIxfHpEuSJbITd1H3EeQwpcZbTLHc+VVr8ANI9t5sit565tsI4/xK3KWTUFE2e6QiangUkh3B0jihzmGnNrRsQ==}

  prettier@3.8.1:
    resolution: {integrity: sha512-UOnG6LftzbdaHZcKoPFtOcCKztrQ57WkHDeRD9t/PTQtmT0NHSeWWepj6pS0z/N7+08BHFDQVUrfmfMRcZwbMg==}
    engines: {node: '>=14'}
    hasBin: true

  selderee@0.11.0:
    resolution: {integrity: sha512-5TF+l7p4+OsnP8BCCvSyZiSPc4x4//p5uPwK8TCnVPJYRmU2aYKMpOXvw8zM5a5JvuuCGN1jmsMwuU2W02ukfA==}

  typescript@6.0.2:
    resolution: {integrity: sha512-bGdAIrZ0wiGDo5l8c++HWtbaNCWTS4UTv7RaTH/ThVIgjkveJt83m74bBHMJkuCbslY8ixgLBVZJIOiQlQTjfQ==}
    engines: {node: '>=14.17'}
    hasBin: true

  uint8arrays@5.1.0:
    resolution: {integrity: sha512-vA6nFepEmlSKkMBnLBaUMVvAC4G3CTmO58C12y4sq6WPDOR7mOFYOi7GlrQ4djeSbP6JG9Pv9tJDM97PedRSww==}

  undici-types@8.3.0:
    resolution: {integrity: sha512-j375ScV60dom+YkPFIfTLcOiPxkN/buHz5GobjLhixFuANaNs3C9l4GmrWqejgXWJ7BbJcFYpTEUkS1Ge8bpZQ==}

  zod@4.3.6:
    resolution: {integrity: sha512-rftlrkhHZOcjDwkGlnUtZZkvaPHCsDATp4pGpuOOMDaTdDDXF91wuVDJoWoPsKX/3YPQ5fHuF3STjcYyKr+Qhg==}

snapshots:

  '@selderee/plugin-htmlparser2@0.11.0':
    dependencies:
      domhandler: 5.0.3
      selderee: 0.11.0

  '@types/html-to-text@9.0.4': {}

  '@types/node@26.2.0':
    dependencies:
      undici-types: 8.3.0

  deepmerge@4.3.1: {}

  dom-serializer@2.0.0:
    dependencies:
      domelementtype: 2.3.0
      domhandler: 5.0.3
      entities: 4.5.0

  domelementtype@2.3.0: {}

  domhandler@5.0.3:
    dependencies:
      domelementtype: 2.3.0

  domutils@3.2.2:
    dependencies:
      dom-serializer: 2.0.0
      domelementtype: 2.3.0
      domhandler: 5.0.3

  entities@4.5.0: {}

  html-to-text@9.0.5:
    dependencies:
      '@selderee/plugin-htmlparser2': 0.11.0
      deepmerge: 4.3.1
      dom-serializer: 2.0.0
      htmlparser2: 8.0.2
      selderee: 0.11.0

  htmlparser2@8.0.2:
    dependencies:
      domelementtype: 2.3.0
      domhandler: 5.0.3
      domutils: 3.2.2
      entities: 4.5.0

  leac@0.6.0: {}

  libphonenumber-js@1.12.41: {}

  multiformats@13.4.1: {}

  parseley@0.12.1:
    dependencies:
      leac: 0.6.0
      peberminta: 0.9.0

  peberminta@0.9.0: {}

  prettier@3.8.1: {}

  selderee@0.11.0:
    dependencies:
      parseley: 0.12.1

  typescript@6.0.2: {}

  uint8arrays@5.1.0:
    dependencies:
      multiformats: 13.4.1

  undici-types@8.3.0: {}

  zod@4.3.6: {}
